// !$*UTF8*$!
{
	archiveVersion = 1;
	classes = {
	};
	objectVersion = 50;
	objects = {

/* Begin PBXBuildFile section */
		A73DFAA22717A8C700A3941A /* AppDelegate.swift in Sources */ = {isa = PBXBuildFile; fileRef = A73DFAA12717A8C700A3941A /* AppDelegate.swift */; };
		A73DFAA42717A8C700A3941A /* SceneDelegate.swift in Sources */ = {isa = PBXBuildFile; fileRef = A73DFAA32717A8C700A3941A /* SceneDelegate.swift */; };
		A73DFAA62717A8C700A3941A /* ViewController.swift in Sources */ = {isa = PBXBuildFile; fileRef = A73DFAA52717A8C700A3941A /* ViewController.swift */; };
		A73DFAA92717A8C700A3941A /* Main.storyboard in Resources */ = {isa = PBXBuildFile; fileRef = A73DFAA72717A8C700A3941A /* Main.storyboard */; };
		A73DFAAB2717A8CA00A3941A /* Assets.xcassets in Resources */ = {isa = PBXBuildFile; fileRef = A73DFAAA2717A8CA00A3941A /* Assets.xcassets */; };
		A73DFAAE2717A8CA00A3941A /* LaunchScreen.storyboard in Resources */ = {isa = PBXBuildFile; fileRef = A73DFAAC2717A8CA00A3941A /* LaunchScreen.storyboard */; };
		A7B53BE72717BB28009286BD /* alarm_sound.mp3 in Resources */ = {isa = PBXBuildFile; fileRef = A7B53BE62717BB28009286BD /* alarm_sound.mp3 */; };
/* End PBXBuildFile section */

/* Begin PBXFileReference section */
		A73DFA9E2717A8C700A3941A /* AutoLayout App.app */ = {isa = PBXFileReference; explicitFileType = wrapper.application; includeInIndex = 0; path = "AutoLayout App.app"; sourceTree = BUILT_PRODUCTS_DIR; };
		A73DFAA12717A8C700A3941A /* AppDelegate.swift */ = {isa = PBXFileReference; lastKnownFileType = sourcecode.swift; path = AppDelegate.swift; sourceTree = "<group>"; };
		A73DFAA32717A8C700A3941A /* SceneDelegate.swift */ = {isa = PBXFileReference; lastKnownFileType = sourcecode.swift; path = SceneDelegate.swift; sourceTree = "<group>"; };
		A73DFAA52717A8C700A3941A /* ViewController.swift */ = {isa = PBXFileReference; lastKnownFileType = sourcecode.swift; path = ViewController.swift; sourceTree = "<group>"; };
		A73DFAA82717A8C700A3941A /* Base */ = {isa = PBXFileReference; lastKnownFileType = file.storyboard; name = Base; path = Base.lproj/Main.storyboard; sourceTree = "<group>"; };
		A73DFAAA2717A8CA00A3941A /* Assets.xcassets */ = {isa = PBXFileReference; lastKnownFileType = folder.assetcatalog; path = Assets.xcassets; sourceTree = "<group>"; };
		A73DFAAD2717A8CA00A3941A /* Base */ = {isa = PBXFileReference; lastKnownFileType = file.storyboard; name = Base; path = Base.lproj/LaunchScreen.storyboard; sourceTree = "<group>"; };
		A73DFAAF2717A8CA00A3941A /* Info.plist */ = {isa = PBXFileReference; lastKnownFileType = text.plist.xml; path = Info.plist; sourceTree = "<group>"; };
		A7B53BE62717BB28009286BD /* alarm_sound.mp3 */ = {isa = PBXFileReference; lastKnownFileType = audio.mp3; name = alarm_sound.mp3; path = ../../../../../Downloads/alarm_sound.mp3; sourceTree = "<group>"; };
/* End PBXFileReference section */

/* Begin PBXFrameworksBuildPhase section */
		A73DFA9B2717A8C700A3941A /* Frameworks */ = {
			isa = PBXFrameworksBuildPhase;
			buildActionMask = 2147483647;
			files = (
			);
			runOnlyForDeploymentPostprocessing = 0;
		};
/* End PBXFrameworksBuildPhase section */

/* Begin PBXGroup section */
		A73DFA952717A8C700A3941A = {
			isa = PBXGroup;
			children = (
				A73DFAA02717A8C700A3941A /* AutoLayout App */,
				A73DFA9F2717A8C700A3941A /* Products */,
			);
			sourceTree = "<group>";
		};
		A73DFA9F2717A8C700A3941A /* Products */ = {
			isa = PBXGroup;
			children = (
				A73DFA9E2717A8C700A3941A /* AutoLayout App.app */,
			);
			name = Products;
			sourceTree = "<group>";
		};
		A73DFAA02717A8C700A3941A /* AutoLayout App */ = {
			isa = PBXGroup;
			children = (
				A73DFAA12717A8C700A3941A /* AppDelegate.swift */,
				A73DFAA32717A8C700A3941A /* SceneDelegate.swift */,
				A73DFAA52717A8C700A3941A /* ViewController.swift */,
				A73DFAA72717A8C700A3941A /* Main.storyboard */,
				A7B53BE62717BB28009286BD /* alarm_sound.mp3 */,
				A73DFAAA2717A8CA00A3941A /* Assets.xcassets */,
				A73DFAAC2717A8CA00A3941A /* LaunchScreen.storyboard */,
				A73DFAAF2717A8CA00A3941A /* Info.plist */,
			);
			path = "AutoLayout App";
			sourceTree = "<group>";
		};
/* End PBXGroup section */

/* Begin PBXNativeTarget section */
		A73DFA9D2717A8C700A3941A /* AutoLayout App */ = {
			isa = PBXNativeTarget;
			buildConfigurationList = A73DFAB22717A8CA00A3941A /* Build configuration list for PBXNativeTarget "AutoLayout App" */;
			buildPhases = (
				A73DFA9A2717A8C700A3941A /* Sources */,
				A73DFA9B2717A8C700A3941A /* Frameworks */,
				A73DFA9C2717A8C700A3941A /* Resources */,
			);
			buildRules = (
			);
			dependencies = (
			);
			name = "AutoLayout App";
			productName = "AutoLayout App";
			productReference = A73DFA9E2717A8C700A3941A /* AutoLayout App.app */;
			productType = "com.apple.product-type.application";
		};
/* End PBXNativeTarget section */

/* Begin PBXProject section */
		A73DFA962717A8C700A3941A /* Project object */ = {
			isa = PBXProject;
			attributes = {
				LastSwiftUpdateCheck = 1250;
				LastUpgradeCheck = 1250;
				TargetAttributes = {
					A73DFA9D2717A8C700A3941A = {
						CreatedOnToolsVersion = 12.5.1;
					};
				};
			};
			buildConfigurationList = A73DFA992717A8C700A3941A /* Build configuration list for PBXProject "AutoLayout App" */;
			compatibilityVersion = "Xcode 9.3";
			developmentRegion = en;
			hasScannedForEncodings = 0;
			knownRegions = (
				en,
				Base,
			);
			mainGroup = A73DFA952717A8C700A3941A;
			productRefGroup = A73DFA9F2717A8C700A3941A /* Products */;
			projectDirPath = "";
			projectRoot = "";
			targets = (
				A73DFA9D2717A8C700A3941A /* AutoLayout App */,
			);
		};
/* End PBXProject section */

/* Begin PBXResourcesBuildPhase section */
		A73DFA9C2717A8C700A3941A /* Resources */ = {
			isa = PBXResourcesBuildPhase;
			buildActionMask = 2147483647;
			files = (
				A73DFAAE2717A8CA00A3941A /* LaunchScreen.storyboard in Resources */,
				A73DFAAB2717A8CA00A3941A /* Assets.xcassets in Resources */,
				A7B53BE72717BB28009286BD /* alarm_sound.mp3 in Resources */,
				A73DFAA92717A8C700A3941A /* Main.storyboard in Resources */,
			);
			runOnlyForDeploymentPostprocessing = 0;
		};
/* End PBXResourcesBuildPhase section */

/* Begin PBXSourcesBuildPhase section */
		A73DFA9A2717A8C700A3941A /* Sources */ = {
			isa = PBXSourcesBuildPhase;
			buildActionMask = 2147483647;
			files = (
				A73DFAA62717A8C700A3941A /* ViewController.swift in Sources */,
				A73DFAA22717A8C700A3941A /* AppDelegate.swift in Sources */,
				A73DFAA42717A8C700A3941A /* SceneDelegate.swift in Sources */,
			);
			runOnlyForDeploymentPostprocessing = 0;
		};
/* End PBXSourcesBuildPhase section */

/* Begin PBXVariantGroup section */
		A73DFAA72717A8C700A3941A /* Main.storyboard */ = {
			isa = PBXVariantGroup;
			children = (
				A73DFAA82717A8C700A3941A /* Base */,
			);
			name = Main.storyboard;
			sourceTree = "<group>";
		};
		A73DFAAC2717A8CA00A3941A /* LaunchScreen.storyboard */ = {
			isa = PBXVariantGroup;
			children = (
				A73DFAAD2717A8CA00A3941A /* Base */,
			);
			name = LaunchScreen.storyboard;
			sourceTree = "<group>";
		};
/* End PBXVariantGroup section */

/* Begin XCBuildConfiguration section */
		A73DFAB02717A8CA00A3941A /* Debug */ = {
			isa = XCBuildConfiguration;
			buildSettings = {
				ALWAYS_SEARCH_USER_PATHS = NO;
				CLANG_ANALYZER_NONNULL = YES;
				CLANG_ANALYZER_NUMBER_OBJECT_CONVERSION = YES_AGGRESSIVE;
				CLANG_CXX_LANGUAGE_STANDARD = "gnu++14";
				CLANG_CXX_LIBRARY = "libc++";
				CLANG_ENABLE_MODULES = YES;
				CLANG_ENABLE_OBJC_ARC = YES;
				CLANG_ENABLE_OBJC_WEAK = YES;
				CLANG_WARN_BLOCK_CAPTURE_AUTORELEASING = YES;
				CLANG_WARN_BOOL_CONVERSION = YES;
				CLANG_WARN_COMMA = YES;
				CLANG_WARN_CONSTANT_CONVERSION = YES;
				CLANG_WARN_DEPRECATED_OBJC_IMPLEMENTATIONS = YES;
				CLANG_WARN_DIRECT_OBJC_ISA_USAGE = YES_ERROR;
				CLANG_WARN_DOCUMENTATION_COMMENTS = YES;
				CLANG_WARN_EMPTY_BODY = YES;
				CLANG_WARN_ENUM_CONVERSION = YES;
				CLANG_WARN_INFINITE_RECURSION = YES;
				CLANG_WARN_INT_CONVERSION = YES;
				CLANG_WARN_NON_LITERAL_NULL_CONVERSION = YES;
				CLANG_WARN_OBJC_IMPLICIT_RETAIN_SELF = YES;
				CLANG_WARN_OBJC_LITERAL_CONVERSION = YES;
				CLANG_WARN_OBJC_ROOT_CLASS = YES_ERROR;
				CLANG_WARN_QUOTED_INCLUDE_IN_FRAMEWORK_HEADER = YES;
				CLANG_WARN_RANGE_LOOP_ANALYSIS = YES;
				CLANG_WARN_STRICT_PROTOTYPES = YES;
				CLANG_WARN_SUSPICIOUS_MOVE = YES;
				CLANG_WARN_UNGUARDED_AVAILABILITY = YES_AGGRESSIVE;
				CLANG_WARN_UNREACHABLE_CODE = YES;
				CLANG_WARN__DUPLICATE_METHOD_MATCH = YES;
				COPY_PHASE_STRIP = NO;
				DEBUG_INFORMATION_FORMAT = dwarf;
				ENABLE_STRICT_OBJC_MSGSEND = YES;
				ENABLE_TESTABILITY = YES;
				GCC_C_LANGUAGE_STANDARD = gnu11;
				GCC_DYNAMIC_NO_PIC = NO;
				GCC_NO_COMMON_BLOCKS = YES;
				GCC_OPTIMIZATION_LEVEL = 0;
				GCC_PREPROCESSOR_DEFINITIONS = (
					"DEBUG=1",
					"$(inherited)",
				);
				GCC_WARN_64_TO_32_BIT_CONVERSION = YES;
				GCC_WARN_ABOUT_RETURN_TYPE = YES_ERROR;
				GCC_WARN_UNDECLARED_SELECTOR = YES;
				GCC_WARN_UNINITIALIZED_AUTOS = YES_AGGRESSIVE;
				GCC_WARN_UNUSED_FUNCTION = YES;
				GCC_WARN_UNUSED_VARIABLE = YES;
				IPHONEOS_DEPLOYMENT_TARGET = 14.5;
				MTL_ENABLE_DEBUG_INFO = INCLUDE_SOURCE;
				MTL_FAST_MATH = YES;
				ONLY_ACTIVE_ARCH = YES;
				SDKROOT = iphoneos;
				SWIFT_ACTIVE_COMPILATION_CONDITIONS = DEBUG;
				SWIFT_OPTIMIZATION_LEVEL = "-Onone";
			};
			name = Debug;
		};
		A73DFAB12717A8CA00A3941A /* Release */ = {
			isa = XCBuildConfiguration;
			buildSettings = {
				ALWAYS_SEARCH_USER_PATHS = NO;
				CLANG_ANALYZER_NONNULL = YES;
				CLANG_ANALYZER_NUMBER_OBJECT_CONVERSION = YES_AGGRESSIVE;
				CLANG_CXX_LANGUAGE_STANDARD = "gnu++14";
				CLANG_CXX_LIBRARY = "libc++";
				CLANG_ENABLE_MODULES = YES;
				CLANG_ENABLE_OBJC_ARC = YES;
				CLANG_ENABLE_OBJC_WEAK = YES;
				CLANG_WARN_BLOCK_CAPTURE_AUTORELEASING = YES;
				CLANG_WARN_BOOL_CONVERSION = YES;
				CLANG_WARN_COMMA = YES;
				CLANG_WARN_CONSTANT_CONVERSION = YES;
				CLANG_WARN_DEPRECATED_OBJC_IMPLEMENTATIONS = YES;
				CLANG_WARN_DIRECT_OBJC_ISA_USAGE = YES_ERROR;
				CLANG_WARN_DOCUMENTATION_COMMENTS = YES;
				CLANG_WARN_EMPTY_BODY = YES;
				CLANG_WARN_ENUM_CONVERSION = YES;
				CLANG_WARN_INFINITE_RECURSION = YES;
				CLANG_WARN_INT_CONVERSION = YES;
				CLANG_WARN_NON_LITERAL_NULL_CONVERSION = YES;
				CLANG_WARN_OBJC_IMPLICIT_RETAIN_SELF = YES;
				CLANG_WARN_OBJC_LITERAL_CONVERSION = YES;
				CLANG_WARN_OBJC_ROOT_CLASS = YES_ERROR;
				CLANG_WARN_QUOTED_INCLUDE_IN_FRAMEWORK_HEADER = YES;
				CLANG_WARN_RANGE_LOOP_ANALYSIS = YES;
				CLANG_WARN_STRICT_PROTOTYPES = YES;
				CLANG_WARN_SUSPICIOUS_MOVE = YES;
				CLANG_WARN_UNGUARDED_AVAILABILITY = YES_AGGRESSIVE;
				CLANG_WARN_UNREACHABLE_CODE = YES;
				CLANG_WARN__DUPLICATE_METHOD_MATCH = YES;
				COPY_PHASE_STRIP = NO;
				DEBUG_INFORMATION_FORMAT = "dwarf-with-dsym";
				ENABLE_NS_ASSERTIONS = NO;
				ENABLE_STRICT_OBJC_MSGSEND = YES;
				GCC_C_LANGUAGE_STANDARD = gnu11;
				GCC_NO_COMMON_BLOCKS = YES;
				GCC_WARN_64_TO_32_BIT_CONVERSION = YES;
				GCC_WARN_ABOUT_RETURN_TYPE = YES_ERROR;
				GCC_WARN_UNDECLARED_SELECTOR = YES;
				GCC_WARN_UNINITIALIZED_AUTOS = YES_AGGRESSIVE;
				GCC_WARN_UNUSED_FUNCTION = YES;
				GCC_WARN_UNUSED_VARIABLE = YES;
				IPHONEOS_DEPLOYMENT_TARGET = 14.5;
				MTL_ENABLE_DEBUG_INFO = NO;
				MTL_FAST_MATH = YES;
				SDKROOT = iphoneos;
				SWIFT_COMPILATION_MODE = wholemodule;
				SWIFT_OPTIMIZATION_LEVEL = "-O";
				VALIDATE_PRODUCT = YES;
			};
			name = Release;
		};
		A73DFAB32717A8CA00A3941A /* Debug */ = {
			isa = XCBuildConfiguration;
			buildSettings = {
				ASSETCATALOG_COMPILER_APPICON_NAME = AppIcon;
				ASSETCATALOG_COMPILER_GLOBAL_ACCENT_COLOR_NAME = AccentColor;
				CODE_SIGN_STYLE = Automatic;
				INFOPLIST_FILE = "AutoLayout App/Info.plist";
				LD_RUNPATH_SEARCH_PATHS = (
					"$(inherited)",
					"@executable_path/Frameworks",
				);
				PRODUCT_BUNDLE_IDENTIFIER = "Ali.AutoLayout-App";
				PRODUCT_NAME = "$(TARGET_NAME)";
				SWIFT_VERSION = 5.0;
				TARGETED_DEVICE_FAMILY = "1,2";
			};
			name = Debug;
		};
		A73DFAB42717A8CA00A3941A /* Release */ = {
			isa = XCBuildConfiguration;
			buildSettings = {
				ASSETCATALOG_COMPILER_APPICON_NAME = AppIcon;
				ASSETCATALOG_COMPILER_GLOBAL_ACCENT_COLOR_NAME = AccentColor;
				CODE_SIGN_STYLE = Automatic;
				INFOPLIST_FILE = "AutoLayout App/Info.plist";
				LD_RUNPATH_SEARCH_PATHS = (
					"$(inherited)",
					"@executable_path/Frameworks",
				);
				PRODUCT_BUNDLE_IDENTIFIER = "Ali.AutoLayout-App";
				PRODUCT_NAME = "$(TARGET_NAME)";
				SWIFT_VERSION = 5.0;
				TARGETED_DEVICE_FAMILY = "1,2";
			};
			name = Release;
		};
/* End XCBuildConfiguration section */

/* Begin XCConfigurationList section */
		A73DFA992717A8C700A3941A /* Build configuration list for PBXProject "AutoLayout App" */ = {
			isa = XCConfigurationList;
			buildConfigurations = (
				A73DFAB02717A8CA00A3941A /* Debug */,
				A73DFAB12717A8CA00A3941A /* Release */,
			);
			defaultConfigurationIsVisible = 0;
			defaultConfigurationName = Release;
		};
		A73DFAB22717A8CA00A3941A /* Build configuration list for PBXNativeTarget "AutoLayout App" */ = {
			isa = XCConfigurationList;
			buildConfigurations = (
				A73DFAB32717A8CA00A3941A /* Debug */,
				A73DFAB42717A8CA00A3941A /* Release */,
			);
			defaultConfigurationIsVisible = 0;
			defaultConfigurationName = Release;
		};
/* End XCConfigurationList section */
	};
	rootObject = A73DFA962717A8C700A3941A /* Project object */;
}
